// !$*UTF8*$!
{
	archiveVersion = 1;
	classes = {
	};
	objectVersion = 56;
	objects = {

/* Begin PBXBuildFile section */
		1718868D2A97B36C008D7F47 /* LabelOnlyCustomButton.swift in Sources */ = {isa = PBXBuildFile; fileRef = 1718868C2A97B36C008D7F47 /* LabelOnlyCustomButton.swift */; };
		17499DE12A98FCEE00936051 /* PlayButtonCustomView.swift in Sources */ = {isa = PBXBuildFile; fileRef = 17499DE02A98FCEE00936051 /* PlayButtonCustomView.swift */; };
		17499DE32A99059300936051 /* ImageAndLabelButtonCustomView.swift in Sources */ = {isa = PBXBuildFile; fileRef = 17499DE22A99059300936051 /* ImageAndLabelButtonCustomView.swift */; };
		17499DE52A998E8400936051 /* RandomImageCustomView.swift in Sources */ = {isa = PBXBuildFile; fileRef = 17499DE42A998E8400936051 /* RandomImageCustomView.swift */; };
		17499DE72A99946300936051 /* RandomMoviePosterCollectionViewCell.swift in Sources */ = {isa = PBXBuildFile; fileRef = 17499DE62A99946300936051 /* RandomMoviePosterCollectionViewCell.swift */; };
		17499DE92A9995F200936051 /* MovieData.swift in Sources */ = {isa = PBXBuildFile; fileRef = 17499DE82A9995F200936051 /* MovieData.swift */; };
		17499DF42A9B15A700936051 /* LabelCustomView.swift in Sources */ = {isa = PBXBuildFile; fileRef = 17499DF32A9B15A700936051 /* LabelCustomView.swift */; };
		17499DF62A9B174E00936051 /* RandomImageCustomCollectionView.swift in Sources */ = {isa = PBXBuildFile; fileRef = 17499DF52A9B174E00936051 /* RandomImageCustomCollectionView.swift */; };
		17C402CB2A9773DE00265007 /* AppDelegate.swift in Sources */ = {isa = PBXBuildFile; fileRef = 17C402CA2A9773DE00265007 /* AppDelegate.swift */; };
		17C402CD2A9773DE00265007 /* SceneDelegate.swift in Sources */ = {isa = PBXBuildFile; fileRef = 17C402CC2A9773DE00265007 /* SceneDelegate.swift */; };
		17C402CF2A9773DE00265007 /* ViewController.swift in Sources */ = {isa = PBXBuildFile; fileRef = 17C402CE2A9773DE00265007 /* ViewController.swift */; };
		17C402D42A9773DF00265007 /* Assets.xcassets in Resources */ = {isa = PBXBuildFile; fileRef = 17C402D32A9773DF00265007 /* Assets.xcassets */; };
		17C402D72A9773E000265007 /* LaunchScreen.storyboard in Resources */ = {isa = PBXBuildFile; fileRef = 17C402D52A9773E000265007 /* LaunchScreen.storyboard */; };
		17C402DF2A97755700265007 /* ShimFlixCustomView.swift in Sources */ = {isa = PBXBuildFile; fileRef = 17C402DE2A97755700265007 /* ShimFlixCustomView.swift */; };
		17C402E22A97762B00265007 /* SnapKit in Frameworks */ = {isa = PBXBuildFile; productRef = 17C402E12A97762B00265007 /* SnapKit */; };
		17C402E62A97772D00265007 /* TextFieldCustomView.swift in Sources */ = {isa = PBXBuildFile; fileRef = 17C402E52A97772D00265007 /* TextFieldCustomView.swift */; };
		17C402E82A977B9400265007 /* SignUPButtonCustomView.swift in Sources */ = {isa = PBXBuildFile; fileRef = 17C402E72A977B9400265007 /* SignUPButtonCustomView.swift */; };
		17C402EA2A9780AA00265007 /* AdditionalInfoLabelCustomView.swift in Sources */ = {isa = PBXBuildFile; fileRef = 17C402E92A9780AA00265007 /* AdditionalInfoLabelCustomView.swift */; };
		17C402EC2A9781B800265007 /* SwitchButtonCustomView.swift in Sources */ = {isa = PBXBuildFile; fileRef = 17C402EB2A9781B800265007 /* SwitchButtonCustomView.swift */; };
		17C402F02A9785FD00265007 /* Transition+Extension.swift in Sources */ = {isa = PBXBuildFile; fileRef = 17C402EF2A9785FD00265007 /* Transition+Extension.swift */; };
		17C402F42A9786AC00265007 /* TransitionStyle.swift in Sources */ = {isa = PBXBuildFile; fileRef = 17C402F32A9786AC00265007 /* TransitionStyle.swift */; };
		17C402F62A97885100265007 /* ShimFlixViewController.swift in Sources */ = {isa = PBXBuildFile; fileRef = 17C402F52A97885100265007 /* ShimFlixViewController.swift */; };
		17C402FA2A978A1300265007 /* BackgroundPosterCustomView.swift in Sources */ = {isa = PBXBuildFile; fileRef = 17C402F92A978A1300265007 /* BackgroundPosterCustomView.swift */; };
/* End PBXBuildFile section */

/* Begin PBXFileReference section */
		1718868C2A97B36C008D7F47 /* LabelOnlyCustomButton.swift */ = {isa = PBXFileReference; lastKnownFileType = sourcecode.swift; path = LabelOnlyCustomButton.swift; sourceTree = "<group>"; };
		17499DE02A98FCEE00936051 /* PlayButtonCustomView.swift */ = {isa = PBXFileReference; lastKnownFileType = sourcecode.swift; path = PlayButtonCustomView.swift; sourceTree = "<group>"; };
		17499DE22A99059300936051 /* ImageAndLabelButtonCustomView.swift */ = {isa = PBXFileReference; lastKnownFileType = sourcecode.swift; path = ImageAndLabelButtonCustomView.swift; sourceTree = "<group>"; };
		17499DE42A998E8400936051 /* RandomImageCustomView.swift */ = {isa = PBXFileReference; lastKnownFileType = sourcecode.swift; path = RandomImageCustomView.swift; sourceTree = "<group>"; };
		17499DE62A99946300936051 /* RandomMoviePosterCollectionViewCell.swift */ = {isa = PBXFileReference; lastKnownFileType = sourcecode.swift; path = RandomMoviePosterCollectionViewCell.swift; sourceTree = "<group>"; };
		17499DE82A9995F200936051 /* MovieData.swift */ = {isa = PBXFileReference; lastKnownFileType = sourcecode.swift; path = MovieData.swift; sourceTree = "<group>"; };
		17499DF32A9B15A700936051 /* LabelCustomView.swift */ = {isa = PBXFileReference; lastKnownFileType = sourcecode.swift; path = LabelCustomView.swift; sourceTree = "<group>"; };
		17499DF52A9B174E00936051 /* RandomImageCustomCollectionView.swift */ = {isa = PBXFileReference; lastKnownFileType = sourcecode.swift; path = RandomImageCustomCollectionView.swift; sourceTree = "<group>"; };
		17C402C72A9773DE00265007 /* CodeBaseCustomView.app */ = {isa = PBXFileReference; explicitFileType = wrapper.application; includeInIndex = 0; path = CodeBaseCustomView.app; sourceTree = BUILT_PRODUCTS_DIR; };
		17C402CA2A9773DE00265007 /* AppDelegate.swift */ = {isa = PBXFileReference; lastKnownFileType = sourcecode.swift; path = AppDelegate.swift; sourceTree = "<group>"; };
		17C402CC2A9773DE00265007 /* SceneDelegate.swift */ = {isa = PBXFileReference; lastKnownFileType = sourcecode.swift; path = SceneDelegate.swift; sourceTree = "<group>"; };
		17C402CE2A9773DE00265007 /* ViewController.swift */ = {isa = PBXFileReference; lastKnownFileType = sourcecode.swift; path = ViewController.swift; sourceTree = "<group>"; };
		17C402D32A9773DF00265007 /* Assets.xcassets */ = {isa = PBXFileReference; lastKnownFileType = folder.assetcatalog; path = Assets.xcassets; sourceTree = "<group>"; };
		17C402D62A9773E000265007 /* Base */ = {isa = PBXFileReference; lastKnownFileType = file.storyboard; name = Base; path = Base.lproj/LaunchScreen.storyboard; sourceTree = "<group>"; };
		17C402D82A9773E000265007 /* Info.plist */ = {isa = PBXFileReference; lastKnownFileType = text.plist.xml; path = Info.plist; sourceTree = "<group>"; };
		17C402DE2A97755700265007 /* ShimFlixCustomView.swift */ = {isa = PBXFileReference; lastKnownFileType = sourcecode.swift; path = ShimFlixCustomView.swift; sourceTree = "<group>"; };
		17C402E52A97772D00265007 /* TextFieldCustomView.swift */ = {isa = PBXFileReference; lastKnownFileType = sourcecode.swift; path = TextFieldCustomView.swift; sourceTree = "<group>"; };
		17C402E72A977B9400265007 /* SignUPButtonCustomView.swift */ = {isa = PBXFileReference; lastKnownFileType = sourcecode.swift; path = SignUPButtonCustomView.swift; sourceTree = "<group>"; };
		17C402E92A9780AA00265007 /* AdditionalInfoLabelCustomView.swift */ = {isa = PBXFileReference; lastKnownFileType = sourcecode.swift; path = AdditionalInfoLabelCustomView.swift; sourceTree = "<group>"; };
		17C402EB2A9781B800265007 /* SwitchButtonCustomView.swift */ = {isa = PBXFileReference; lastKnownFileType = sourcecode.swift; path = SwitchButtonCustomView.swift; sourceTree = "<group>"; };
		17C402EF2A9785FD00265007 /* Transition+Extension.swift */ = {isa = PBXFileReference; lastKnownFileType = sourcecode.swift; path = "Transition+Extension.swift"; sourceTree = "<group>"; };
		17C402F32A9786AC00265007 /* TransitionStyle.swift */ = {isa = PBXFileReference; lastKnownFileType = sourcecode.swift; path = TransitionStyle.swift; sourceTree = "<group>"; };
		17C402F52A97885100265007 /* ShimFlixViewController.swift */ = {isa = PBXFileReference; lastKnownFileType = sourcecode.swift; path = ShimFlixViewController.swift; sourceTree = "<group>"; };
		17C402F92A978A1300265007 /* BackgroundPosterCustomView.swift */ = {isa = PBXFileReference; lastKnownFileType = sourcecode.swift; path = BackgroundPosterCustomView.swift; sourceTree = "<group>"; };
/* End PBXFileReference section */

/* Begin PBXFrameworksBuildPhase section */
		17C402C42A9773DE00265007 /* Frameworks */ = {
			isa = PBXFrameworksBuildPhase;
			buildActionMask = 2147483647;
			files = (
				17C402E22A97762B00265007 /* SnapKit in Frameworks */,
			);
			runOnlyForDeploymentPostprocessing = 0;
		};
/* End PBXFrameworksBuildPhase section */

/* Begin PBXGroup section */
		17499DED2A99AC7900936051 /* CustomView */ = {
			isa = PBXGroup;
			children = (
				17C402F92A978A1300265007 /* BackgroundPosterCustomView.swift */,
				1718868C2A97B36C008D7F47 /* LabelOnlyCustomButton.swift */,
				17499DE02A98FCEE00936051 /* PlayButtonCustomView.swift */,
				17499DE22A99059300936051 /* ImageAndLabelButtonCustomView.swift */,
				17499DF32A9B15A700936051 /* LabelCustomView.swift */,
				17499DF52A9B174E00936051 /* RandomImageCustomCollectionView.swift */,
			);
			path = CustomView;
			sourceTree = "<group>";
		};
		17499DEE2A99AC8000936051 /* CollectionViewCell */ = {
			isa = PBXGroup;
			children = (
				17499DE62A99946300936051 /* RandomMoviePosterCollectionViewCell.swift */,
				17499DE42A998E8400936051 /* RandomImageCustomView.swift */,
			);
			path = CollectionViewCell;
			sourceTree = "<group>";
		};
		17499DEF2A99AC9200936051 /* ViewController */ = {
			isa = PBXGroup;
			children = (
				17C402F52A97885100265007 /* ShimFlixViewController.swift */,
			);
			path = ViewController;
			sourceTree = "<group>";
		};
		17499DF02A99AC9E00936051 /* Data */ = {
			isa = PBXGroup;
			children = (
				17499DE82A9995F200936051 /* MovieData.swift */,
			);
			path = Data;
			sourceTree = "<group>";
		};
		17C402BE2A9773DE00265007 = {
			isa = PBXGroup;
			children = (
				17C402C92A9773DE00265007 /* CodeBaseCustomView */,
				17C402C82A9773DE00265007 /* Products */,
			);
			sourceTree = "<group>";
		};
		17C402C82A9773DE00265007 /* Products */ = {
			isa = PBXGroup;
			children = (
				17C402C72A9773DE00265007 /* CodeBaseCustomView.app */,
			);
			name = Products;
			sourceTree = "<group>";
		};
		17C402C92A9773DE00265007 /* CodeBaseCustomView */ = {
			isa = PBXGroup;
			children = (
				17C402CA2A9773DE00265007 /* AppDelegate.swift */,
				17C402CC2A9773DE00265007 /* SceneDelegate.swift */,
				17C402ED2A97852700265007 /* SignUp */,
				17C402D32A9773DF00265007 /* Assets.xcassets */,
				17C402D52A9773E000265007 /* LaunchScreen.storyboard */,
				17C402D82A9773E000265007 /* Info.plist */,
				17C402F72A97885700265007 /* Transition */,
				17C402F82A9789DC00265007 /* SHIMFLIX */,
			);
			path = CodeBaseCustomView;
			sourceTree = "<group>";
		};
		17C402ED2A97852700265007 /* SignUp */ = {
			isa = PBXGroup;
			children = (
				17C402CE2A9773DE00265007 /* ViewController.swift */,
				17C402EE2A97853900265007 /* CustomView */,
			);
			path = SignUp;
			sourceTree = "<group>";
		};
		17C402EE2A97853900265007 /* CustomView */ = {
			isa = PBXGroup;
			children = (
				17C402DE2A97755700265007 /* ShimFlixCustomView.swift */,
				17C402E52A97772D00265007 /* TextFieldCustomView.swift */,
				17C402E72A977B9400265007 /* SignUPButtonCustomView.swift */,
				17C402E92A9780AA00265007 /* AdditionalInfoLabelCustomView.swift */,
				17C402EB2A9781B800265007 /* SwitchButtonCustomView.swift */,
			);
			path = CustomView;
			sourceTree = "<group>";
		};
		17C402F72A97885700265007 /* Transition */ = {
			isa = PBXGroup;
			children = (
				17C402EF2A9785FD00265007 /* Transition+Extension.swift */,
				17C402F32A9786AC00265007 /* TransitionStyle.swift */,
			);
			path = Transition;
			sourceTree = "<group>";
		};
		17C402F82A9789DC00265007 /* SHIMFLIX */ = {
			isa = PBXGroup;
			children = (
				17499DEF2A99AC9200936051 /* ViewController */,
				17499DED2A99AC7900936051 /* CustomView */,
				17499DEE2A99AC8000936051 /* CollectionViewCell */,
				17499DF02A99AC9E00936051 /* Data */,
			);
			path = SHIMFLIX;
			sourceTree = "<group>";
		};
/* End PBXGroup section */

/* Begin PBXNativeTarget section */
		17C402C62A9773DE00265007 /* CodeBaseCustomView */ = {
			isa = PBXNativeTarget;
			buildConfigurationList = 17C402DB2A9773E000265007 /* Build configuration list for PBXNativeTarget "CodeBaseCustomView" */;
			buildPhases = (
				17C402C32A9773DE00265007 /* Sources */,
				17C402C42A9773DE00265007 /* Frameworks */,
				17C402C52A9773DE00265007 /* Resources */,
			);
			buildRules = (
			);
			dependencies = (
			);
			name = CodeBaseCustomView;
			packageProductDependencies = (
				17C402E12A97762B00265007 /* SnapKit */,
			);
			productName = CodeBaseCustomView;
			productReference = 17C402C72A9773DE00265007 /* CodeBaseCustomView.app */;
			productType = "com.apple.product-type.application";
		};
/* End PBXNativeTarget section */

/* Begin PBXProject section */
		17C402BF2A9773DE00265007 /* Project object */ = {
			isa = PBXProject;
			attributes = {
				BuildIndependentTargetsInParallel = 1;
				LastSwiftUpdateCheck = 1430;
				LastUpgradeCheck = 1430;
				TargetAttributes = {
					17C402C62A9773DE00265007 = {
						CreatedOnToolsVersion = 14.3.1;
					};
				};
			};
			buildConfigurationList = 17C402C22A9773DE00265007 /* Build configuration list for PBXProject "CodeBaseCustomView" */;
			compatibilityVersion = "Xcode 14.0";
			developmentRegion = en;
			hasScannedForEncodings = 0;
			knownRegions = (
				en,
				Base,
			);
			mainGroup = 17C402BE2A9773DE00265007;
			packageReferences = (
				17C402E02A97762B00265007 /* XCRemoteSwiftPackageReference "SnapKit" */,
			);
			productRefGroup = 17C402C82A9773DE00265007 /* Products */;
			projectDirPath = "";
			projectRoot = "";
			targets = (
				17C402C62A9773DE00265007 /* CodeBaseCustomView */,
			);
		};
/* End PBXProject section */

/* Begin PBXResourcesBuildPhase section */
		17C402C52A9773DE00265007 /* Resources */ = {
			isa = PBXResourcesBuildPhase;
			buildActionMask = 2147483647;
			files = (
				17C402D72A9773E000265007 /* LaunchScreen.storyboard in Resources */,
				17C402D42A9773DF00265007 /* Assets.xcassets in Resources */,
			);
			runOnlyForDeploymentPostprocessing = 0;
		};
/* End PBXResourcesBuildPhase section */

/* Begin PBXSourcesBuildPhase section */
		17C402C32A9773DE00265007 /* Sources */ = {
			isa = PBXSourcesBuildPhase;
			buildActionMask = 2147483647;
			files = (
				17C402EA2A9780AA00265007 /* AdditionalInfoLabelCustomView.swift in Sources */,
				17C402CF2A9773DE00265007 /* ViewController.swift in Sources */,
				17C402DF2A97755700265007 /* ShimFlixCustomView.swift in Sources */,
				17499DE32A99059300936051 /* ImageAndLabelButtonCustomView.swift in Sources */,
				17499DF42A9B15A700936051 /* LabelCustomView.swift in Sources */,
				17C402F02A9785FD00265007 /* Transition+Extension.swift in Sources */,
				1718868D2A97B36C008D7F47 /* LabelOnlyCustomButton.swift in Sources */,
				17C402EC2A9781B800265007 /* SwitchButtonCustomView.swift in Sources */,
				17C402CB2A9773DE00265007 /* AppDelegate.swift in Sources */,
				17499DE92A9995F200936051 /* MovieData.swift in Sources */,
				17499DE12A98FCEE00936051 /* PlayButtonCustomView.swift in Sources */,
				17C402E82A977B9400265007 /* SignUPButtonCustomView.swift in Sources */,
				17C402CD2A9773DE00265007 /* SceneDelegate.swift in Sources */,
				17C402FA2A978A1300265007 /* BackgroundPosterCustomView.swift in Sources */,
				17499DF62A9B174E00936051 /* RandomImageCustomCollectionView.swift in Sources */,
				17C402F62A97885100265007 /* ShimFlixViewController.swift in Sources */,
				17C402F42A9786AC00265007 /* TransitionStyle.swift in Sources */,
				17499DE72A99946300936051 /* RandomMoviePosterCollectionViewCell.swift in Sources */,
				17C402E62A97772D00265007 /* TextFieldCustomView.swift in Sources */,
				17499DE52A998E8400936051 /* RandomImageCustomView.swift in Sources */,
			);
			runOnlyForDeploymentPostprocessing = 0;
		};
/* End PBXSourcesBuildPhase section */

/* Begin PBXVariantGroup section */
		17C402D52A9773E000265007 /* LaunchScreen.storyboard */ = {
			isa = PBXVariantGroup;
			children = (
				17C402D62A9773E000265007 /* Base */,
			);
			name = LaunchScreen.storyboard;
			sourceTree = "<group>";
		};
/* End PBXVariantGroup section */

/* Begin XCBuildConfiguration section */
		17C402D92A9773E000265007 /* Debug */ = {
			isa = XCBuildConfiguration;
			buildSettings = {
				ALWAYS_SEARCH_USER_PATHS = NO;
				CLANG_ANALYZER_NONNULL = YES;
				CLANG_ANALYZER_NUMBER_OBJECT_CONVERSION = YES_AGGRESSIVE;
				CLANG_CXX_LANGUAGE_STANDARD = "gnu++20";
				CLANG_ENABLE_MODULES = YES;
				CLANG_ENABLE_OBJC_ARC = YES;
				CLANG_ENABLE_OBJC_WEAK = YES;
				CLANG_WARN_BLOCK_CAPTURE_AUTORELEASING = YES;
				CLANG_WARN_BOOL_CONVERSION = YES;
				CLANG_WARN_COMMA = YES;
				CLANG_WARN_CONSTANT_CONVERSION = YES;
				CLANG_WARN_DEPRECATED_OBJC_IMPLEMENTATIONS = YES;
				CLANG_WARN_DIRECT_OBJC_ISA_USAGE = YES_ERROR;
				CLANG_WARN_DOCUMENTATION_COMMENTS = YES;
				CLANG_WARN_EMPTY_BODY = YES;
				CLANG_WARN_ENUM_CONVERSION = YES;
				CLANG_WARN_INFINITE_RECURSION = YES;
				CLANG_WARN_INT_CONVERSION = YES;
				CLANG_WARN_NON_LITERAL_NULL_CONVERSION = YES;
				CLANG_WARN_OBJC_IMPLICIT_RETAIN_SELF = YES;
				CLANG_WARN_OBJC_LITERAL_CONVERSION = YES;
				CLANG_WARN_OBJC_ROOT_CLASS = YES_ERROR;
				CLANG_WARN_QUOTED_INCLUDE_IN_FRAMEWORK_HEADER = YES;
				CLANG_WARN_RANGE_LOOP_ANALYSIS = YES;
				CLANG_WARN_STRICT_PROTOTYPES = YES;
				CLANG_WARN_SUSPICIOUS_MOVE = YES;
				CLANG_WARN_UNGUARDED_AVAILABILITY = YES_AGGRESSIVE;
				CLANG_WARN_UNREACHABLE_CODE = YES;
				CLANG_WARN__DUPLICATE_METHOD_MATCH = YES;
				COPY_PHASE_STRIP = NO;
				DEBUG_INFORMATION_FORMAT = dwarf;
				ENABLE_STRICT_OBJC_MSGSEND = YES;
				ENABLE_TESTABILITY = YES;
				GCC_C_LANGUAGE_STANDARD = gnu11;
				GCC_DYNAMIC_NO_PIC = NO;
				GCC_NO_COMMON_BLOCKS = YES;
				GCC_OPTIMIZATION_LEVEL = 0;
				GCC_PREPROCESSOR_DEFINITIONS = (
					"DEBUG=1",
					"$(inherited)",
				);
				GCC_WARN_64_TO_32_BIT_CONVERSION = YES;
				GCC_WARN_ABOUT_RETURN_TYPE = YES_ERROR;
				GCC_WARN_UNDECLARED_SELECTOR = YES;
				GCC_WARN_UNINITIALIZED_AUTOS = YES_AGGRESSIVE;
				GCC_WARN_UNUSED_FUNCTION = YES;
				GCC_WARN_UNUSED_VARIABLE = YES;
				IPHONEOS_DEPLOYMENT_TARGET = 16.4;
				MTL_ENABLE_DEBUG_INFO = INCLUDE_SOURCE;
				MTL_FAST_MATH = YES;
				ONLY_ACTIVE_ARCH = YES;
				SDKROOT = iphoneos;
				SWIFT_ACTIVE_COMPILATION_CONDITIONS = DEBUG;
				SWIFT_OPTIMIZATION_LEVEL = "-Onone";
			};
			name = Debug;
		};
		17C402DA2A9773E000265007 /* Release */ = {
			isa = XCBuildConfiguration;
			buildSettings = {
				ALWAYS_SEARCH_USER_PATHS = NO;
				CLANG_ANALYZER_NONNULL = YES;
				CLANG_ANALYZER_NUMBER_OBJECT_CONVERSION = YES_AGGRESSIVE;
				CLANG_CXX_LANGUAGE_STANDARD = "gnu++20";
				CLANG_ENABLE_MODULES = YES;
				CLANG_ENABLE_OBJC_ARC = YES;
				CLANG_ENABLE_OBJC_WEAK = YES;
				CLANG_WARN_BLOCK_CAPTURE_AUTORELEASING = YES;
				CLANG_WARN_BOOL_CONVERSION = YES;
				CLANG_WARN_COMMA = YES;
				CLANG_WARN_CONSTANT_CONVERSION = YES;
				CLANG_WARN_DEPRECATED_OBJC_IMPLEMENTATIONS = YES;
				CLANG_WARN_DIRECT_OBJC_ISA_USAGE = YES_ERROR;
				CLANG_WARN_DOCUMENTATION_COMMENTS = YES;
				CLANG_WARN_EMPTY_BODY = YES;
				CLANG_WARN_ENUM_CONVERSION = YES;
				CLANG_WARN_INFINITE_RECURSION = YES;
				CLANG_WARN_INT_CONVERSION = YES;
				CLANG_WARN_NON_LITERAL_NULL_CONVERSION = YES;
				CLANG_WARN_OBJC_IMPLICIT_RETAIN_SELF = YES;
				CLANG_WARN_OBJC_LITERAL_CONVERSION = YES;
				CLANG_WARN_OBJC_ROOT_CLASS = YES_ERROR;
				CLANG_WARN_QUOTED_INCLUDE_IN_FRAMEWORK_HEADER = YES;
				CLANG_WARN_RANGE_LOOP_ANALYSIS = YES;
				CLANG_WARN_STRICT_PROTOTYPES = YES;
				CLANG_WARN_SUSPICIOUS_MOVE = YES;
				CLANG_WARN_UNGUARDED_AVAILABILITY = YES_AGGRESSIVE;
				CLANG_WARN_UNREACHABLE_CODE = YES;
				CLANG_WARN__DUPLICATE_METHOD_MATCH = YES;
				COPY_PHASE_STRIP = NO;
				DEBUG_INFORMATION_FORMAT = "dwarf-with-dsym";
				ENABLE_NS_ASSERTIONS = NO;
				ENABLE_STRICT_OBJC_MSGSEND = YES;
				GCC_C_LANGUAGE_STANDARD = gnu11;
				GCC_NO_COMMON_BLOCKS = YES;
				GCC_WARN_64_TO_32_BIT_CONVERSION = YES;
				GCC_WARN_ABOUT_RETURN_TYPE = YES_ERROR;
				GCC_WARN_UNDECLARED_SELECTOR = YES;
				GCC_WARN_UNINITIALIZED_AUTOS = YES_AGGRESSIVE;
				GCC_WARN_UNUSED_FUNCTION = YES;
				GCC_WARN_UNUSED_VARIABLE = YES;
				IPHONEOS_DEPLOYMENT_TARGET = 16.4;
				MTL_ENABLE_DEBUG_INFO = NO;
				MTL_FAST_MATH = YES;
				SDKROOT = iphoneos;
				SWIFT_COMPILATION_MODE = wholemodule;
				SWIFT_OPTIMIZATION_LEVEL = "-O";
				VALIDATE_PRODUCT = YES;
			};
			name = Release;
		};
		17C402DC2A9773E000265007 /* Debug */ = {
			isa = XCBuildConfiguration;
			buildSettings = {
				ASSETCATALOG_COMPILER_APPICON_NAME = AppIcon;
				ASSETCATALOG_COMPILER_GLOBAL_ACCENT_COLOR_NAME = AccentColor;
				CODE_SIGN_STYLE = Automatic;
				CURRENT_PROJECT_VERSION = 1;
				DEVELOPMENT_TEAM = H5BHKL6637;
				GENERATE_INFOPLIST_FILE = YES;
				INFOPLIST_FILE = CodeBaseCustomView/Info.plist;
				INFOPLIST_KEY_UIApplicationSupportsIndirectInputEvents = YES;
				INFOPLIST_KEY_UILaunchStoryboardName = LaunchScreen;
				INFOPLIST_KEY_UISupportedInterfaceOrientations_iPad = "UIInterfaceOrientationPortrait UIInterfaceOrientationPortraitUpsideDown UIInterfaceOrientationLandscapeLeft UIInterfaceOrientationLandscapeRight";
				INFOPLIST_KEY_UISupportedInterfaceOrientations_iPhone = "UIInterfaceOrientationPortrait UIInterfaceOrientationLandscapeLeft UIInterfaceOrientationLandscapeRight";
				LD_RUNPATH_SEARCH_PATHS = (
					"$(inherited)",
					"@executable_path/Frameworks",
				);
				MARKETING_VERSION = 1.0;
				PRODUCT_BUNDLE_IDENTIFIER = com.hyeonseok.CodeBaseCustomView;
				PRODUCT_NAME = "$(TARGET_NAME)";
				SWIFT_EMIT_LOC_STRINGS = YES;
				SWIFT_VERSION = 5.0;
				TARGETED_DEVICE_FAMILY = "1,2";
			};
			name = Debug;
		};
		17C402DD2A9773E000265007 /* Release */ = {
			isa = XCBuildConfiguration;
			buildSettings = {
				ASSETCATALOG_COMPILER_APPICON_NAME = AppIcon;
				ASSETCATALOG_COMPILER_GLOBAL_ACCENT_COLOR_NAME = AccentColor;
				CODE_SIGN_STYLE = Automatic;
				CURRENT_PROJECT_VERSION = 1;
				DEVELOPMENT_TEAM = H5BHKL6637;
				GENERATE_INFOPLIST_FILE = YES;
				INFOPLIST_FILE = CodeBaseCustomView/Info.plist;
				INFOPLIST_KEY_UIApplicationSupportsIndirectInputEvents = YES;
				INFOPLIST_KEY_UILaunchStoryboardName = LaunchScreen;
				INFOPLIST_KEY_UISupportedInterfaceOrientations_iPad = "UIInterfaceOrientationPortrait UIInterfaceOrientationPortraitUpsideDown UIInterfaceOrientationLandscapeLeft UIInterfaceOrientationLandscapeRight";
				INFOPLIST_KEY_UISupportedInterfaceOrientations_iPhone = "UIInterfaceOrientationPortrait UIInterfaceOrientationLandscapeLeft UIInterfaceOrientationLandscapeRight";
				LD_RUNPATH_SEARCH_PATHS = (
					"$(inherited)",
					"@executable_path/Frameworks",
				);
				MARKETING_VERSION = 1.0;
				PRODUCT_BUNDLE_IDENTIFIER = com.hyeonseok.CodeBaseCustomView;
				PRODUCT_NAME = "$(TARGET_NAME)";
				SWIFT_EMIT_LOC_STRINGS = YES;
				SWIFT_VERSION = 5.0;
				TARGETED_DEVICE_FAMILY = "1,2";
			};
			name = Release;
		};
/* End XCBuildConfiguration section */

/* Begin XCConfigurationList section */
		17C402C22A9773DE00265007 /* Build configuration list for PBXProject "CodeBaseCustomView" */ = {
			isa = XCConfigurationList;
			buildConfigurations = (
				17C402D92A9773E000265007 /* Debug */,
				17C402DA2A9773E000265007 /* Release */,
			);
			defaultConfigurationIsVisible = 0;
			defaultConfigurationName = Release;
		};
		17C402DB2A9773E000265007 /* Build configuration list for PBXNativeTarget "CodeBaseCustomView" */ = {
			isa = XCConfigurationList;
			buildConfigurations = (
				17C402DC2A9773E000265007 /* Debug */,
				17C402DD2A9773E000265007 /* Release */,
			);
			defaultConfigurationIsVisible = 0;
			defaultConfigurationName = Release;
		};
/* End XCConfigurationList section */

/* Begin XCRemoteSwiftPackageReference section */
		17C402E02A97762B00265007 /* XCRemoteSwiftPackageReference "SnapKit" */ = {
			isa = XCRemoteSwiftPackageReference;
			repositoryURL = "https://github.com/SnapKit/SnapKit.git";
			requirement = {
				kind = upToNextMajorVersion;
				minimumVersion = 5.0.0;
			};
		};
/* End XCRemoteSwiftPackageReference section */

/* Begin XCSwiftPackageProductDependency section */
		17C402E12A97762B00265007 /* SnapKit */ = {
			isa = XCSwiftPackageProductDependency;
			package = 17C402E02A97762B00265007 /* XCRemoteSwiftPackageReference "SnapKit" */;
			productName = SnapKit;
		};
/* End XCSwiftPackageProductDependency section */
	};
	rootObject = 17C402BF2A9773DE00265007 /* Project object */;
}
